<?xml version="1.0" encoding="utf-8"?>
<Project ToolsVersion="4.0" xmlns="http://schemas.microsoft.com/developer/msbuild/2003">
  <ItemGroup>
    <Filter Include="Application">
      <UniqueIdentifier>{7ebc1290-26e5-4245-a65d-71362a0ef3c4}</UniqueIdentifier>
    </Filter>
    <Filter Include="Behaviour">
      <UniqueIdentifier>{6e8c2d02-696e-4b28-a9ea-a2e105e2bced}</UniqueIdentifier>
    </Filter>
    <Filter Include="Reflection">
      <UniqueIdentifier>{3b586763-d682-4077-8369-3558a97e438c}</UniqueIdentifier>
    </Filter>
    <Filter Include="Common">
      <UniqueIdentifier>{7a36d55c-14d8-4e19-af1f-b4e907ebaec2}</UniqueIdentifier>
    </Filter>
  </ItemGroup>
  <ItemGroup>
    <ClCompile Include="Application\ServiceTests.cpp">
      <Filter>Application</Filter>
    </ClCompile>
    <ClCompile Include="Reflection\ObjectTest.cpp">
      <Filter>Reflection</Filter>
    </ClCompile>
    <ClCompile Include="Reflection\SerializationTest.cpp">
      <Filter>Reflection</Filter>
    </ClCompile>
    <ClCompile Include="Common\CircularBufferTest.cpp">
      <Filter>Common</Filter>
    </ClCompile>
    <ClCompile Include="Common\ConceptTest.cpp">
      <Filter>Common</Filter>
    </ClCompile>
    <ClCompile Include="MarblesTest.cpp" />
  </ItemGroup>
  <ItemGroup>
    <ClInclude Include="Reflection\FooBar.h">
      <Filter>Reflection</Filter>
    </ClInclude>
    <ClInclude Include="MarblesTest.h" />
  </ItemGroup>
</Project>